// !$*UTF8*$!
{
	archiveVersion = 1;
	classes = {
	};
	objectVersion = 56;
	objects = {

/* Begin PBXBuildFile section */
		A486FE512B186ED5009EA775 /* ImpReusableActivityRingsViewPkgApp.swift in Sources */ = {isa = PBXBuildFile; fileRef = A486FE502B186ED5009EA775 /* ImpReusableActivityRingsViewPkgApp.swift */; };
		A486FE532B186ED5009EA775 /* ContentView.swift in Sources */ = {isa = PBXBuildFile; fileRef = A486FE522B186ED5009EA775 /* ContentView.swift */; };
		A486FE552B186ED5009EA775 /* Item.swift in Sources */ = {isa = PBXBuildFile; fileRef = A486FE542B186ED5009EA775 /* Item.swift */; };
		A486FE572B186ED6009EA775 /* Assets.xcassets in Resources */ = {isa = PBXBuildFile; fileRef = A486FE562B186ED6009EA775 /* Assets.xcassets */; };
		A486FE5A2B186ED6009EA775 /* Preview Assets.xcassets in Resources */ = {isa = PBXBuildFile; fileRef = A486FE592B186ED6009EA775 /* Preview Assets.xcassets */; };
		A486FE642B186ED6009EA775 /* ImpReusableActivityRingsViewPkgTests.swift in Sources */ = {isa = PBXBuildFile; fileRef = A486FE632B186ED6009EA775 /* ImpReusableActivityRingsViewPkgTests.swift */; };
		A486FE6E2B186ED6009EA775 /* ImpReusableActivityRingsViewPkgUITests.swift in Sources */ = {isa = PBXBuildFile; fileRef = A486FE6D2B186ED6009EA775 /* ImpReusableActivityRingsViewPkgUITests.swift */; };
		A486FE702B186ED6009EA775 /* ImpReusableActivityRingsViewPkgUITestsLaunchTests.swift in Sources */ = {isa = PBXBuildFile; fileRef = A486FE6F2B186ED6009EA775 /* ImpReusableActivityRingsViewPkgUITestsLaunchTests.swift */; };
		A486FE7E2B187027009EA775 /* ReusableActivityRIngsViewPkg in Frameworks */ = {isa = PBXBuildFile; productRef = A486FE7D2B187027009EA775 /* ReusableActivityRIngsViewPkg */; };
/* End PBXBuildFile section */

/* Begin PBXContainerItemProxy section */
		A486FE602B186ED6009EA775 /* PBXContainerItemProxy */ = {
			isa = PBXContainerItemProxy;
			containerPortal = A486FE452B186ED5009EA775 /* Project object */;
			proxyType = 1;
			remoteGlobalIDString = A486FE4C2B186ED5009EA775;
			remoteInfo = ImpReusableActivityRingsViewPkg;
		};
		A486FE6A2B186ED6009EA775 /* PBXContainerItemProxy */ = {
			isa = PBXContainerItemProxy;
			containerPortal = A486FE452B186ED5009EA775 /* Project object */;
			proxyType = 1;
			remoteGlobalIDString = A486FE4C2B186ED5009EA775;
			remoteInfo = ImpReusableActivityRingsViewPkg;
		};
/* End PBXContainerItemProxy section */

/* Begin PBXFileReference section */
		A486FE4D2B186ED5009EA775 /* ImpReusableActivityRingsViewPkg.app */ = {isa = PBXFileReference; explicitFileType = wrapper.application; includeInIndex = 0; path = ImpReusableActivityRingsViewPkg.app; sourceTree = BUILT_PRODUCTS_DIR; };
		A486FE502B186ED5009EA775 /* ImpReusableActivityRingsViewPkgApp.swift */ = {isa = PBXFileReference; lastKnownFileType = sourcecode.swift; path = ImpReusableActivityRingsViewPkgApp.swift; sourceTree = "<group>"; };
		A486FE522B186ED5009EA775 /* ContentView.swift */ = {isa = PBXFileReference; lastKnownFileType = sourcecode.swift; path = ContentView.swift; sourceTree = "<group>"; };
		A486FE542B186ED5009EA775 /* Item.swift */ = {isa = PBXFileReference; lastKnownFileType = sourcecode.swift; path = Item.swift; sourceTree = "<group>"; };
		A486FE562B186ED6009EA775 /* Assets.xcassets */ = {isa = PBXFileReference; lastKnownFileType = folder.assetcatalog; path = Assets.xcassets; sourceTree = "<group>"; };
		A486FE592B186ED6009EA775 /* Preview Assets.xcassets */ = {isa = PBXFileReference; lastKnownFileType = folder.assetcatalog; path = "Preview Assets.xcassets"; sourceTree = "<group>"; };
		A486FE5F2B186ED6009EA775 /* ImpReusableActivityRingsViewPkgTests.xctest */ = {isa = PBXFileReference; explicitFileType = wrapper.cfbundle; includeInIndex = 0; path = ImpReusableActivityRingsViewPkgTests.xctest; sourceTree = BUILT_PRODUCTS_DIR; };
		A486FE632B186ED6009EA775 /* ImpReusableActivityRingsViewPkgTests.swift */ = {isa = PBXFileReference; lastKnownFileType = sourcecode.swift; path = ImpReusableActivityRingsViewPkgTests.swift; sourceTree = "<group>"; };
		A486FE692B186ED6009EA775 /* ImpReusableActivityRingsViewPkgUITests.xctest */ = {isa = PBXFileReference; explicitFileType = wrapper.cfbundle; includeInIndex = 0; path = ImpReusableActivityRingsViewPkgUITests.xctest; sourceTree = BUILT_PRODUCTS_DIR; };
		A486FE6D2B186ED6009EA775 /* ImpReusableActivityRingsViewPkgUITests.swift */ = {isa = PBXFileReference; lastKnownFileType = sourcecode.swift; path = ImpReusableActivityRingsViewPkgUITests.swift; sourceTree = "<group>"; };
		A486FE6F2B186ED6009EA775 /* ImpReusableActivityRingsViewPkgUITestsLaunchTests.swift */ = {isa = PBXFileReference; lastKnownFileType = sourcecode.swift; path = ImpReusableActivityRingsViewPkgUITestsLaunchTests.swift; sourceTree = "<group>"; };
/* End PBXFileReference section */

/* Begin PBXFrameworksBuildPhase section */
		A486FE4A2B186ED5009EA775 /* Frameworks */ = {
			isa = PBXFrameworksBuildPhase;
			buildActionMask = 2147483647;
			files = (
				A486FE7E2B187027009EA775 /* ReusableActivityRIngsViewPkg in Frameworks */,
			);
			runOnlyForDeploymentPostprocessing = 0;
		};
		A486FE5C2B186ED6009EA775 /* Frameworks */ = {
			isa = PBXFrameworksBuildPhase;
			buildActionMask = 2147483647;
			files = (
			);
			runOnlyForDeploymentPostprocessing = 0;
		};
		A486FE662B186ED6009EA775 /* Frameworks */ = {
			isa = PBXFrameworksBuildPhase;
			buildActionMask = 2147483647;
			files = (
			);
			runOnlyForDeploymentPostprocessing = 0;
		};
/* End PBXFrameworksBuildPhase section */

/* Begin PBXGroup section */
		A486FE442B186ED5009EA775 = {
			isa = PBXGroup;
			children = (
				A486FE4F2B186ED5009EA775 /* ImpReusableActivityRingsViewPkg */,
				A486FE622B186ED6009EA775 /* ImpReusableActivityRingsViewPkgTests */,
				A486FE6C2B186ED6009EA775 /* ImpReusableActivityRingsViewPkgUITests */,
				A486FE4E2B186ED5009EA775 /* Products */,
			);
			sourceTree = "<group>";
		};
		A486FE4E2B186ED5009EA775 /* Products */ = {
			isa = PBXGroup;
			children = (
				A486FE4D2B186ED5009EA775 /* ImpReusableActivityRingsViewPkg.app */,
				A486FE5F2B186ED6009EA775 /* ImpReusableActivityRingsViewPkgTests.xctest */,
				A486FE692B186ED6009EA775 /* ImpReusableActivityRingsViewPkgUITests.xctest */,
			);
			name = Products;
			sourceTree = "<group>";
		};
		A486FE4F2B186ED5009EA775 /* ImpReusableActivityRingsViewPkg */ = {
			isa = PBXGroup;
			children = (
				A486FE502B186ED5009EA775 /* ImpReusableActivityRingsViewPkgApp.swift */,
				A486FE522B186ED5009EA775 /* ContentView.swift */,
				A486FE542B186ED5009EA775 /* Item.swift */,
				A486FE562B186ED6009EA775 /* Assets.xcassets */,
				A486FE582B186ED6009EA775 /* Preview Content */,
			);
			path = ImpReusableActivityRingsViewPkg;
			sourceTree = "<group>";
		};
		A486FE582B186ED6009EA775 /* Preview Content */ = {
			isa = PBXGroup;
			children = (
				A486FE592B186ED6009EA775 /* Preview Assets.xcassets */,
			);
			path = "Preview Content";
			sourceTree = "<group>";
		};
		A486FE622B186ED6009EA775 /* ImpReusableActivityRingsViewPkgTests */ = {
			isa = PBXGroup;
			children = (
				A486FE632B186ED6009EA775 /* ImpReusableActivityRingsViewPkgTests.swift */,
			);
			path = ImpReusableActivityRingsViewPkgTests;
			sourceTree = "<group>";
		};
		A486FE6C2B186ED6009EA775 /* ImpReusableActivityRingsViewPkgUITests */ = {
			isa = PBXGroup;
			children = (
				A486FE6D2B186ED6009EA775 /* ImpReusableActivityRingsViewPkgUITests.swift */,
				A486FE6F2B186ED6009EA775 /* ImpReusableActivityRingsViewPkgUITestsLaunchTests.swift */,
			);
			path = ImpReusableActivityRingsViewPkgUITests;
			sourceTree = "<group>";
		};
/* End PBXGroup section */

/* Begin PBXNativeTarget section */
		A486FE4C2B186ED5009EA775 /* ImpReusableActivityRingsViewPkg */ = {
			isa = PBXNativeTarget;
			buildConfigurationList = A486FE732B186ED6009EA775 /* Build configuration list for PBXNativeTarget "ImpReusableActivityRingsViewPkg" */;
			buildPhases = (
				A486FE492B186ED5009EA775 /* Sources */,
				A486FE4A2B186ED5009EA775 /* Frameworks */,
				A486FE4B2B186ED5009EA775 /* Resources */,
			);
			buildRules = (
			);
			dependencies = (
			);
			name = ImpReusableActivityRingsViewPkg;
			packageProductDependencies = (
				A486FE7D2B187027009EA775 /* ReusableActivityRIngsViewPkg */,
			);
			productName = ImpReusableActivityRingsViewPkg;
			productReference = A486FE4D2B186ED5009EA775 /* ImpReusableActivityRingsViewPkg.app */;
			productType = "com.apple.product-type.application";
		};
		A486FE5E2B186ED6009EA775 /* ImpReusableActivityRingsViewPkgTests */ = {
			isa = PBXNativeTarget;
			buildConfigurationList = A486FE762B186ED6009EA775 /* Build configuration list for PBXNativeTarget "ImpReusableActivityRingsViewPkgTests" */;
			buildPhases = (
				A486FE5B2B186ED6009EA775 /* Sources */,
				A486FE5C2B186ED6009EA775 /* Frameworks */,
				A486FE5D2B186ED6009EA775 /* Resources */,
			);
			buildRules = (
			);
			dependencies = (
				A486FE612B186ED6009EA775 /* PBXTargetDependency */,
			);
			name = ImpReusableActivityRingsViewPkgTests;
			productName = ImpReusableActivityRingsViewPkgTests;
			productReference = A486FE5F2B186ED6009EA775 /* ImpReusableActivityRingsViewPkgTests.xctest */;
			productType = "com.apple.product-type.bundle.unit-test";
		};
		A486FE682B186ED6009EA775 /* ImpReusableActivityRingsViewPkgUITests */ = {
			isa = PBXNativeTarget;
			buildConfigurationList = A486FE792B186ED6009EA775 /* Build configuration list for PBXNativeTarget "ImpReusableActivityRingsViewPkgUITests" */;
			buildPhases = (
				A486FE652B186ED6009EA775 /* Sources */,
				A486FE662B186ED6009EA775 /* Frameworks */,
				A486FE672B186ED6009EA775 /* Resources */,
			);
			buildRules = (
			);
			dependencies = (
				A486FE6B2B186ED6009EA775 /* PBXTargetDependency */,
			);
			name = ImpReusableActivityRingsViewPkgUITests;
			productName = ImpReusableActivityRingsViewPkgUITests;
			productReference = A486FE692B186ED6009EA775 /* ImpReusableActivityRingsViewPkgUITests.xctest */;
			productType = "com.apple.product-type.bundle.ui-testing";
		};
/* End PBXNativeTarget section */

/* Begin PBXProject section */
		A486FE452B186ED5009EA775 /* Project object */ = {
			isa = PBXProject;
			attributes = {
				BuildIndependentTargetsInParallel = 1;
				LastSwiftUpdateCheck = 1500;
				LastUpgradeCheck = 1500;
				TargetAttributes = {
					A486FE4C2B186ED5009EA775 = {
						CreatedOnToolsVersion = 15.0.1;
					};
					A486FE5E2B186ED6009EA775 = {
						CreatedOnToolsVersion = 15.0.1;
						TestTargetID = A486FE4C2B186ED5009EA775;
					};
					A486FE682B186ED6009EA775 = {
						CreatedOnToolsVersion = 15.0.1;
						TestTargetID = A486FE4C2B186ED5009EA775;
					};
				};
			};
			buildConfigurationList = A486FE482B186ED5009EA775 /* Build configuration list for PBXProject "ImpReusableActivityRingsViewPkg" */;
			compatibilityVersion = "Xcode 14.0";
			developmentRegion = en;
			hasScannedForEncodings = 0;
			knownRegions = (
				en,
				Base,
			);
			mainGroup = A486FE442B186ED5009EA775;
			packageReferences = (
				A486FE7C2B187027009EA775 /* XCRemoteSwiftPackageReference "ReusableActivityRIngsViewPkg" */,
			);
			productRefGroup = A486FE4E2B186ED5009EA775 /* Products */;
			projectDirPath = "";
			projectRoot = "";
			targets = (
				A486FE4C2B186ED5009EA775 /* ImpReusableActivityRingsViewPkg */,
				A486FE5E2B186ED6009EA775 /* ImpReusableActivityRingsViewPkgTests */,
				A486FE682B186ED6009EA775 /* ImpReusableActivityRingsViewPkgUITests */,
			);
		};
/* End PBXProject section */

/* Begin PBXResourcesBuildPhase section */
		A486FE4B2B186ED5009EA775 /* Resources */ = {
			isa = PBXResourcesBuildPhase;
			buildActionMask = 2147483647;
			files = (
				A486FE5A2B186ED6009EA775 /* Preview Assets.xcassets in Resources */,
				A486FE572B186ED6009EA775 /* Assets.xcassets in Resources */,
			);
			runOnlyForDeploymentPostprocessing = 0;
		};
		A486FE5D2B186ED6009EA775 /* Resources */ = {
			isa = PBXResourcesBuildPhase;
			buildActionMask = 2147483647;
			files = (
			);
			runOnlyForDeploymentPostprocessing = 0;
		};
		A486FE672B186ED6009EA775 /* Resources */ = {
			isa = PBXResourcesBuildPhase;
			buildActionMask = 2147483647;
			files = (
			);
			runOnlyForDeploymentPostprocessing = 0;
		};
/* End PBXResourcesBuildPhase section */

/* Begin PBXSourcesBuildPhase section */
		A486FE492B186ED5009EA775 /* Sources */ = {
			isa = PBXSourcesBuildPhase;
			buildActionMask = 2147483647;
			files = (
				A486FE532B186ED5009EA775 /* ContentView.swift in Sources */,
				A486FE552B186ED5009EA775 /* Item.swift in Sources */,
				A486FE512B186ED5009EA775 /* ImpReusableActivityRingsViewPkgApp.swift in Sources */,
			);
			runOnlyForDeploymentPostprocessing = 0;
		};
		A486FE5B2B186ED6009EA775 /* Sources */ = {
			isa = PBXSourcesBuildPhase;
			buildActionMask = 2147483647;
			files = (
				A486FE642B186ED6009EA775 /* ImpReusableActivityRingsViewPkgTests.swift in Sources */,
			);
			runOnlyForDeploymentPostprocessing = 0;
		};
		A486FE652B186ED6009EA775 /* Sources */ = {
			isa = PBXSourcesBuildPhase;
			buildActionMask = 2147483647;
			files = (
				A486FE6E2B186ED6009EA775 /* ImpReusableActivityRingsViewPkgUITests.swift in Sources */,
				A486FE702B186ED6009EA775 /* ImpReusableActivityRingsViewPkgUITestsLaunchTests.swift in Sources */,
			);
			runOnlyForDeploymentPostprocessing = 0;
		};
/* End PBXSourcesBuildPhase section */

/* Begin PBXTargetDependency section */
		A486FE612B186ED6009EA775 /* PBXTargetDependency */ = {
			isa = PBXTargetDependency;
			target = A486FE4C2B186ED5009EA775 /* ImpReusableActivityRingsViewPkg */;
			targetProxy = A486FE602B186ED6009EA775 /* PBXContainerItemProxy */;
		};
		A486FE6B2B186ED6009EA775 /* PBXTargetDependency */ = {
			isa = PBXTargetDependency;
			target = A486FE4C2B186ED5009EA775 /* ImpReusableActivityRingsViewPkg */;
			targetProxy = A486FE6A2B186ED6009EA775 /* PBXContainerItemProxy */;
		};
/* End PBXTargetDependency section */

/* Begin XCBuildConfiguration section */
		A486FE712B186ED6009EA775 /* Debug */ = {
			isa = XCBuildConfiguration;
			buildSettings = {
				ALWAYS_SEARCH_USER_PATHS = NO;
				ASSETCATALOG_COMPILER_GENERATE_SWIFT_ASSET_SYMBOL_EXTENSIONS = YES;
				CLANG_ANALYZER_NONNULL = YES;
				CLANG_ANALYZER_NUMBER_OBJECT_CONVERSION = YES_AGGRESSIVE;
				CLANG_CXX_LANGUAGE_STANDARD = "gnu++20";
				CLANG_ENABLE_MODULES = YES;
				CLANG_ENABLE_OBJC_ARC = YES;
				CLANG_ENABLE_OBJC_WEAK = YES;
				CLANG_WARN_BLOCK_CAPTURE_AUTORELEASING = YES;
				CLANG_WARN_BOOL_CONVERSION = YES;
				CLANG_WARN_COMMA = YES;
				CLANG_WARN_CONSTANT_CONVERSION = YES;
				CLANG_WARN_DEPRECATED_OBJC_IMPLEMENTATIONS = YES;
				CLANG_WARN_DIRECT_OBJC_ISA_USAGE = YES_ERROR;
				CLANG_WARN_DOCUMENTATION_COMMENTS = YES;
				CLANG_WARN_EMPTY_BODY = YES;
				CLANG_WARN_ENUM_CONVERSION = YES;
				CLANG_WARN_INFINITE_RECURSION = YES;
				CLANG_WARN_INT_CONVERSION = YES;
				CLANG_WARN_NON_LITERAL_NULL_CONVERSION = YES;
				CLANG_WARN_OBJC_IMPLICIT_RETAIN_SELF = YES;
				CLANG_WARN_OBJC_LITERAL_CONVERSION = YES;
				CLANG_WARN_OBJC_ROOT_CLASS = YES_ERROR;
				CLANG_WARN_QUOTED_INCLUDE_IN_FRAMEWORK_HEADER = YES;
				CLANG_WARN_RANGE_LOOP_ANALYSIS = YES;
				CLANG_WARN_STRICT_PROTOTYPES = YES;
				CLANG_WARN_SUSPICIOUS_MOVE = YES;
				CLANG_WARN_UNGUARDED_AVAILABILITY = YES_AGGRESSIVE;
				CLANG_WARN_UNREACHABLE_CODE = YES;
				CLANG_WARN__DUPLICATE_METHOD_MATCH = YES;
				COPY_PHASE_STRIP = NO;
				DEBUG_INFORMATION_FORMAT = dwarf;
				ENABLE_STRICT_OBJC_MSGSEND = YES;
				ENABLE_TESTABILITY = YES;
				ENABLE_USER_SCRIPT_SANDBOXING = YES;
				GCC_C_LANGUAGE_STANDARD = gnu17;
				GCC_DYNAMIC_NO_PIC = NO;
				GCC_NO_COMMON_BLOCKS = YES;
				GCC_OPTIMIZATION_LEVEL = 0;
				GCC_PREPROCESSOR_DEFINITIONS = (
					"DEBUG=1",
					"$(inherited)",
				);
				GCC_WARN_64_TO_32_BIT_CONVERSION = YES;
				GCC_WARN_ABOUT_RETURN_TYPE = YES_ERROR;
				GCC_WARN_UNDECLARED_SELECTOR = YES;
				GCC_WARN_UNINITIALIZED_AUTOS = YES_AGGRESSIVE;
				GCC_WARN_UNUSED_FUNCTION = YES;
				GCC_WARN_UNUSED_VARIABLE = YES;
				IPHONEOS_DEPLOYMENT_TARGET = 17.0;
				LOCALIZATION_PREFERS_STRING_CATALOGS = YES;
				MTL_ENABLE_DEBUG_INFO = INCLUDE_SOURCE;
				MTL_FAST_MATH = YES;
				ONLY_ACTIVE_ARCH = YES;
				SDKROOT = iphoneos;
				SWIFT_ACTIVE_COMPILATION_CONDITIONS = "DEBUG $(inherited)";
				SWIFT_OPTIMIZATION_LEVEL = "-Onone";
			};
			name = Debug;
		};
		A486FE722B186ED6009EA775 /* Release */ = {
			isa = XCBuildConfiguration;
			buildSettings = {
				ALWAYS_SEARCH_USER_PATHS = NO;
				ASSETCATALOG_COMPILER_GENERATE_SWIFT_ASSET_SYMBOL_EXTENSIONS = YES;
				CLANG_ANALYZER_NONNULL = YES;
				CLANG_ANALYZER_NUMBER_OBJECT_CONVERSION = YES_AGGRESSIVE;
				CLANG_CXX_LANGUAGE_STANDARD = "gnu++20";
				CLANG_ENABLE_MODULES = YES;
				CLANG_ENABLE_OBJC_ARC = YES;
				CLANG_ENABLE_OBJC_WEAK = YES;
				CLANG_WARN_BLOCK_CAPTURE_AUTORELEASING = YES;
				CLANG_WARN_BOOL_CONVERSION = YES;
				CLANG_WARN_COMMA = YES;
				CLANG_WARN_CONSTANT_CONVERSION = YES;
				CLANG_WARN_DEPRECATED_OBJC_IMPLEMENTATIONS = YES;
				CLANG_WARN_DIRECT_OBJC_ISA_USAGE = YES_ERROR;
				CLANG_WARN_DOCUMENTATION_COMMENTS = YES;
				CLANG_WARN_EMPTY_BODY = YES;
				CLANG_WARN_ENUM_CONVERSION = YES;
				CLANG_WARN_INFINITE_RECURSION = YES;
				CLANG_WARN_INT_CONVERSION = YES;
				CLANG_WARN_NON_LITERAL_NULL_CONVERSION = YES;
				CLANG_WARN_OBJC_IMPLICIT_RETAIN_SELF = YES;
				CLANG_WARN_OBJC_LITERAL_CONVERSION = YES;
				CLANG_WARN_OBJC_ROOT_CLASS = YES_ERROR;
				CLANG_WARN_QUOTED_INCLUDE_IN_FRAMEWORK_HEADER = YES;
				CLANG_WARN_RANGE_LOOP_ANALYSIS = YES;
				CLANG_WARN_STRICT_PROTOTYPES = YES;
				CLANG_WARN_SUSPICIOUS_MOVE = YES;
				CLANG_WARN_UNGUARDED_AVAILABILITY = YES_AGGRESSIVE;
				CLANG_WARN_UNREACHABLE_CODE = YES;
				CLANG_WARN__DUPLICATE_METHOD_MATCH = YES;
				COPY_PHASE_STRIP = NO;
				DEBUG_INFORMATION_FORMAT = "dwarf-with-dsym";
				ENABLE_NS_ASSERTIONS = NO;
				ENABLE_STRICT_OBJC_MSGSEND = YES;
				ENABLE_USER_SCRIPT_SANDBOXING = YES;
				GCC_C_LANGUAGE_STANDARD = gnu17;
				GCC_NO_COMMON_BLOCKS = YES;
				GCC_WARN_64_TO_32_BIT_CONVERSION = YES;
				GCC_WARN_ABOUT_RETURN_TYPE = YES_ERROR;
				GCC_WARN_UNDECLARED_SELECTOR = YES;
				GCC_WARN_UNINITIALIZED_AUTOS = YES_AGGRESSIVE;
				GCC_WARN_UNUSED_FUNCTION = YES;
				GCC_WARN_UNUSED_VARIABLE = YES;
				IPHONEOS_DEPLOYMENT_TARGET = 17.0;
				LOCALIZATION_PREFERS_STRING_CATALOGS = YES;
				MTL_ENABLE_DEBUG_INFO = NO;
				MTL_FAST_MATH = YES;
				SDKROOT = iphoneos;
				SWIFT_COMPILATION_MODE = wholemodule;
				VALIDATE_PRODUCT = YES;
			};
			name = Release;
		};
		A486FE742B186ED6009EA775 /* Debug */ = {
			isa = XCBuildConfiguration;
			buildSettings = {
				ASSETCATALOG_COMPILER_APPICON_NAME = AppIcon;
				ASSETCATALOG_COMPILER_GLOBAL_ACCENT_COLOR_NAME = AccentColor;
				CODE_SIGN_STYLE = Automatic;
				CURRENT_PROJECT_VERSION = 1;
				DEVELOPMENT_ASSET_PATHS = "\"ImpReusableActivityRingsViewPkg/Preview Content\"";
				DEVELOPMENT_TEAM = 5PWMSAVTJ5;
				ENABLE_PREVIEWS = YES;
				GENERATE_INFOPLIST_FILE = YES;
				INFOPLIST_KEY_UIApplicationSceneManifest_Generation = YES;
				INFOPLIST_KEY_UIApplicationSupportsIndirectInputEvents = YES;
				INFOPLIST_KEY_UILaunchScreen_Generation = YES;
				INFOPLIST_KEY_UISupportedInterfaceOrientations_iPad = "UIInterfaceOrientationPortrait UIInterfaceOrientationPortraitUpsideDown UIInterfaceOrientationLandscapeLeft UIInterfaceOrientationLandscapeRight";
				INFOPLIST_KEY_UISupportedInterfaceOrientations_iPhone = "UIInterfaceOrientationPortrait UIInterfaceOrientationLandscapeLeft UIInterfaceOrientationLandscapeRight";
				LD_RUNPATH_SEARCH_PATHS = (
					"$(inherited)",
					"@executable_path/Frameworks",
				);
				MARKETING_VERSION = 1.0;
				PRODUCT_BUNDLE_IDENTIFIER = PassionCoding.ImpReusableActivityRingsViewPkg;
				PRODUCT_NAME = "$(TARGET_NAME)";
				SWIFT_EMIT_LOC_STRINGS = YES;
				SWIFT_VERSION = 5.0;
				TARGETED_DEVICE_FAMILY = "1,2";
			};
			name = Debug;
		};
		A486FE752B186ED6009EA775 /* Release */ = {
			isa = XCBuildConfiguration;
			buildSettings = {
				ASSETCATALOG_COMPILER_APPICON_NAME = AppIcon;
				ASSETCATALOG_COMPILER_GLOBAL_ACCENT_COLOR_NAME = AccentColor;
				CODE_SIGN_STYLE = Automatic;
				CURRENT_PROJECT_VERSION = 1;
				DEVELOPMENT_ASSET_PATHS = "\"ImpReusableActivityRingsViewPkg/Preview Content\"";
				DEVELOPMENT_TEAM = 5PWMSAVTJ5;
				ENABLE_PREVIEWS = YES;
				GENERATE_INFOPLIST_FILE = YES;
				INFOPLIST_KEY_UIApplicationSceneManifest_Generation = YES;
				INFOPLIST_KEY_UIApplicationSupportsIndirectInputEvents = YES;
				INFOPLIST_KEY_UILaunchScreen_Generation = YES;
				INFOPLIST_KEY_UISupportedInterfaceOrientations_iPad = "UIInterfaceOrientationPortrait UIInterfaceOrientationPortraitUpsideDown UIInterfaceOrientationLandscapeLeft UIInterfaceOrientationLandscapeRight";
				INFOPLIST_KEY_UISupportedInterfaceOrientations_iPhone = "UIInterfaceOrientationPortrait UIInterfaceOrientationLandscapeLeft UIInterfaceOrientationLandscapeRight";
				LD_RUNPATH_SEARCH_PATHS = (
					"$(inherited)",
					"@executable_path/Frameworks",
				);
				MARKETING_VERSION = 1.0;
				PRODUCT_BUNDLE_IDENTIFIER = PassionCoding.ImpReusableActivityRingsViewPkg;
				PRODUCT_NAME = "$(TARGET_NAME)";
				SWIFT_EMIT_LOC_STRINGS = YES;
				SWIFT_VERSION = 5.0;
				TARGETED_DEVICE_FAMILY = "1,2";
			};
			name = Release;
		};
		A486FE772B186ED6009EA775 /* Debug */ = {
			isa = XCBuildConfiguration;
			buildSettings = {
				ALWAYS_EMBED_SWIFT_STANDARD_LIBRARIES = YES;
				BUNDLE_LOADER = "$(TEST_HOST)";
				CODE_SIGN_STYLE = Automatic;
				CURRENT_PROJECT_VERSION = 1;
				GENERATE_INFOPLIST_FILE = YES;
				IPHONEOS_DEPLOYMENT_TARGET = 17.0;
				MARKETING_VERSION = 1.0;
				PRODUCT_BUNDLE_IDENTIFIER = PassionCoding.ImpReusableActivityRingsViewPkgTests;
				PRODUCT_NAME = "$(TARGET_NAME)";
				SWIFT_EMIT_LOC_STRINGS = NO;
				SWIFT_VERSION = 5.0;
				TARGETED_DEVICE_FAMILY = "1,2";
				TEST_HOST = "$(BUILT_PRODUCTS_DIR)/ImpReusableActivityRingsViewPkg.app/$(BUNDLE_EXECUTABLE_FOLDER_PATH)/ImpReusableActivityRingsViewPkg";
			};
			name = Debug;
		};
		A486FE782B186ED6009EA775 /* Release */ = {
			isa = XCBuildConfiguration;
			buildSettings = {
				ALWAYS_EMBED_SWIFT_STANDARD_LIBRARIES = YES;
				BUNDLE_LOADER = "$(TEST_HOST)";
				CODE_SIGN_STYLE = Automatic;
				CURRENT_PROJECT_VERSION = 1;
				GENERATE_INFOPLIST_FILE = YES;
				IPHONEOS_DEPLOYMENT_TARGET = 17.0;
				MARKETING_VERSION = 1.0;
				PRODUCT_BUNDLE_IDENTIFIER = PassionCoding.ImpReusableActivityRingsViewPkgTests;
				PRODUCT_NAME = "$(TARGET_NAME)";
				SWIFT_EMIT_LOC_STRINGS = NO;
				SWIFT_VERSION = 5.0;
				TARGETED_DEVICE_FAMILY = "1,2";
				TEST_HOST = "$(BUILT_PRODUCTS_DIR)/ImpReusableActivityRingsViewPkg.app/$(BUNDLE_EXECUTABLE_FOLDER_PATH)/ImpReusableActivityRingsViewPkg";
			};
			name = Release;
		};
		A486FE7A2B186ED6009EA775 /* Debug */ = {
			isa = XCBuildConfiguration;
			buildSettings = {
				ALWAYS_EMBED_SWIFT_STANDARD_LIBRARIES = YES;
				CODE_SIGN_STYLE = Automatic;
				CURRENT_PROJECT_VERSION = 1;
				GENERATE_INFOPLIST_FILE = YES;
				MARKETING_VERSION = 1.0;
				PRODUCT_BUNDLE_IDENTIFIER = PassionCoding.ImpReusableActivityRingsViewPkgUITests;
				PRODUCT_NAME = "$(TARGET_NAME)";
				SWIFT_EMIT_LOC_STRINGS = NO;
				SWIFT_VERSION = 5.0;
				TARGETED_DEVICE_FAMILY = "1,2";
				TEST_TARGET_NAME = ImpReusableActivityRingsViewPkg;
			};
			name = Debug;
		};
		A486FE7B2B186ED6009EA775 /* Release */ = {
			isa = XCBuildConfiguration;
			buildSettings = {
				ALWAYS_EMBED_SWIFT_STANDARD_LIBRARIES = YES;
				CODE_SIGN_STYLE = Automatic;
				CURRENT_PROJECT_VERSION = 1;
				GENERATE_INFOPLIST_FILE = YES;
				MARKETING_VERSION = 1.0;
				PRODUCT_BUNDLE_IDENTIFIER = PassionCoding.ImpReusableActivityRingsViewPkgUITests;
				PRODUCT_NAME = "$(TARGET_NAME)";
				SWIFT_EMIT_LOC_STRINGS = NO;
				SWIFT_VERSION = 5.0;
				TARGETED_DEVICE_FAMILY = "1,2";
				TEST_TARGET_NAME = ImpReusableActivityRingsViewPkg;
			};
			name = Release;
		};
/* End XCBuildConfiguration section */

/* Begin XCConfigurationList section */
		A486FE482B186ED5009EA775 /* Build configuration list for PBXProject "ImpReusableActivityRingsViewPkg" */ = {
			isa = XCConfigurationList;
			buildConfigurations = (
				A486FE712B186ED6009EA775 /* Debug */,
				A486FE722B186ED6009EA775 /* Release */,
			);
			defaultConfigurationIsVisible = 0;
			defaultConfigurationName = Release;
		};
		A486FE732B186ED6009EA775 /* Build configuration list for PBXNativeTarget "ImpReusableActivityRingsViewPkg" */ = {
			isa = XCConfigurationList;
			buildConfigurations = (
				A486FE742B186ED6009EA775 /* Debug */,
				A486FE752B186ED6009EA775 /* Release */,
			);
			defaultConfigurationIsVisible = 0;
			defaultConfigurationName = Release;
		};
		A486FE762B186ED6009EA775 /* Build configuration list for PBXNativeTarget "ImpReusableActivityRingsViewPkgTests" */ = {
			isa = XCConfigurationList;
			buildConfigurations = (
				A486FE772B186ED6009EA775 /* Debug */,
				A486FE782B186ED6009EA775 /* Release */,
			);
			defaultConfigurationIsVisible = 0;
			defaultConfigurationName = Release;
		};
		A486FE792B186ED6009EA775 /* Build configuration list for PBXNativeTarget "ImpReusableActivityRingsViewPkgUITests" */ = {
			isa = XCConfigurationList;
			buildConfigurations = (
				A486FE7A2B186ED6009EA775 /* Debug */,
				A486FE7B2B186ED6009EA775 /* Release */,
			);
			defaultConfigurationIsVisible = 0;
			defaultConfigurationName = Release;
		};
/* End XCConfigurationList section */

/* Begin XCRemoteSwiftPackageReference section */
		A486FE7C2B187027009EA775 /* XCRemoteSwiftPackageReference "ReusableActivityRIngsViewPkg" */ = {
			isa = XCRemoteSwiftPackageReference;
			repositoryURL = "https://github.com/veenashekhar/ReusableActivityRIngsViewPkg.git";
			requirement = {
				branch = main;
				kind = branch;
			};
		};
/* End XCRemoteSwiftPackageReference section */

/* Begin XCSwiftPackageProductDependency section */
		A486FE7D2B187027009EA775 /* ReusableActivityRIngsViewPkg */ = {
			isa = XCSwiftPackageProductDependency;
			package = A486FE7C2B187027009EA775 /* XCRemoteSwiftPackageReference "ReusableActivityRIngsViewPkg" */;
			productName = ReusableActivityRIngsViewPkg;
		};
/* End XCSwiftPackageProductDependency section */
	};
	rootObject = A486FE452B186ED5009EA775 /* Project object */;
}
